{
    "_readme": [
        "This file locks the dependencies of your project to a known state",
        "Read more about it at https://getcomposer.org/doc/01-basic-usage.md#composer-lock-the-lock-file",
        "This file is @generated automatically"
    ],
    "content-hash": "45fe8cc218db4db8e3da98874f260b95",
    "packages": [
        {
            "name": "yuriyshkvarc/sh-app",
            "version": "dev-master",
            "source": {
                "type": "git",
                "url": "https://github.com/yuriyshkvarc/sh-app.git",
                "reference": "a796b6f0bfc89fd083efb1d97978539cf30fd842"
            },
            "require": {
                "php": ">=5.6.0"
            },
            "type": "library",
            "autoload": {
                "classmap": [
                    "shApp"
                ]
            },
            "license": [
                "proprietary"
            ],
            "authors": [
                {
                    "name": "Yuriy Shkvarc",
                    "email": "yuriyshkvarc@gmail.com"
                }
            ],
            "description": "app for project",
            "time": "2019-10-02T08:46:45+00:00"
        },
        {
            "name": "yuriyshkvarc/sh-core",
            "version": "dev-master",
            "source": {
                "type": "git",
                "url": "https://github.com/yuriyshkvarc/sh-core.git",
                "reference": "a99e2c9b1289341568e77bda2710023df9531852"
            },
            "require": {
                "php": ">=5.6.0"
            },
            "type": "library",
            "autoload": {
                "classmap": [
                    "shCore"
                ]
            },
            "license": [
                "proprietary"
            ],
            "authors": [
                {
                    "name": "Yuriy Shkvarc",
                    "email": "yuriyshkvarc@gmail.com"
                }
            ],
            "description": "core for project",
            "time": "2019-11-23T09:37:06+00:00"
        }
    ],
    "packages-dev": [],
    "aliases": [],
    "minimum-stability": "stable",
    "stability-flags": {
        "yuriyshkvarc/sh-core": 20,
        "yuriyshkvarc/sh-app": 20
    },
    "prefer-stable": false,
    "prefer-lowest": false,
    "platform": {
        "ext-json": "*"
    },
    "platform-dev": []
}
